
Microsoft Visual Studio Solution File, Format Version 12.00
# Visual Studio 2013
VisualStudioVersion = 12.0.30723.0
MinimumVisualStudioVersion = 10.0.40219.1
Project("{FAE04EC0-301F-11D3-BF4B-00C04F79EFBC}") = "TelerikKindergarten.SQL.Model", "TelerikKindergarten.SQL.Model\TelerikKindergarten.SQL.Model.csproj", "{BD869654-6BD6-4575-B041-C77D60BD3B40}"
EndProject
Project("{FAE04EC0-301F-11D3-BF4B-00C04F79EFBC}") = "TelerikKindergarten.ConsoleClient", "TelerikKindergarten.ConsoleClient\TelerikKindergarten.ConsoleClient.csproj", "{C28A9E50-3063-42CD-B88A-FCC18970D677}"
EndProject
Project("{FAE04EC0-301F-11D3-BF4B-00C04F79EFBC}") = "TelerikKindergarten.ReportsManipulation", "TelerikKindergarten.ReportsManipulation\TelerikKindergarten.ReportsManipulation.csproj", "{84D3A775-2CCE-44CA-B2D2-4DE229CF19E4}"
EndProject
Project("{FAE04EC0-301F-11D3-BF4B-00C04F79EFBC}") = "TelerikKindergarten.SQLite.Model", "TelerikKindergarten.SQLite.Model\TelerikKindergarten.SQLite.Model.csproj", "{23D09080-CF4F-402A-B3F3-3329D36FBCEE}"
EndProject
Global
	GlobalSection(SolutionConfigurationPlatforms) = preSolution
		Debug|Any CPU = Debug|Any CPU
		Release|Any CPU = Release|Any CPU
	EndGlobalSection
	GlobalSection(ProjectConfigurationPlatforms) = postSolution
		{BD869654-6BD6-4575-B041-C77D60BD3B40}.Debug|Any CPU.ActiveCfg = Debug|Any CPU
		{BD869654-6BD6-4575-B041-C77D60BD3B40}.Debug|Any CPU.Build.0 = Debug|Any CPU
		{BD869654-6BD6-4575-B041-C77D60BD3B40}.Release|Any CPU.ActiveCfg = Release|Any CPU
		{BD869654-6BD6-4575-B041-C77D60BD3B40}.Release|Any CPU.Build.0 = Release|Any CPU
		{C28A9E50-3063-42CD-B88A-FCC18970D677}.Debug|Any CPU.ActiveCfg = Debug|Any CPU
		{C28A9E50-3063-42CD-B88A-FCC18970D677}.Debug|Any CPU.Build.0 = Debug|Any CPU
		{C28A9E50-3063-42CD-B88A-FCC18970D677}.Release|Any CPU.ActiveCfg = Release|Any CPU
		{C28A9E50-3063-42CD-B88A-FCC18970D677}.Release|Any CPU.Build.0 = Release|Any CPU
		{84D3A775-2CCE-44CA-B2D2-4DE229CF19E4}.Debug|Any CPU.ActiveCfg = Debug|Any CPU
		{84D3A775-2CCE-44CA-B2D2-4DE229CF19E4}.Debug|Any CPU.Build.0 = Debug|Any CPU
		{84D3A775-2CCE-44CA-B2D2-4DE229CF19E4}.Release|Any CPU.ActiveCfg = Release|Any CPU
		{84D3A775-2CCE-44CA-B2D2-4DE229CF19E4}.Release|Any CPU.Build.0 = Release|Any CPU
		{23D09080-CF4F-402A-B3F3-3329D36FBCEE}.Debug|Any CPU.ActiveCfg = Debug|Any CPU
		{23D09080-CF4F-402A-B3F3-3329D36FBCEE}.Debug|Any CPU.Build.0 = Debug|Any CPU
		{23D09080-CF4F-402A-B3F3-3329D36FBCEE}.Release|Any CPU.ActiveCfg = Release|Any CPU
		{23D09080-CF4F-402A-B3F3-3329D36FBCEE}.Release|Any CPU.Build.0 = Release|Any CPU
	EndGlobalSection
	GlobalSection(SolutionProperties) = preSolution
		HideSolutionNode = FALSE
	EndGlobalSection
EndGlobal
